
Microsoft Visual Studio Solution File, Format Version 12.00
# Visual Studio 14
VisualStudioVersion = 14.0.25029.0
MinimumVisualStudioVersion = 10.0.40219.1
Project("{2150E333-8FDC-42A3-9474-1A3956D46DE8}") = "src", "src", "{09BBE4F0-DB2D-40FB-9A78-9C3C4D3E8E55}"
EndProject
Project("{2150E333-8FDC-42A3-9474-1A3956D46DE8}") = "Solution Items", "Solution Items", "{1073604F-69E5-47AB-80A7-C64C71848CCE}"
	ProjectSection(SolutionItems) = preProject
		global.json = global.json
	EndProjectSection
EndProject
Project("{8BB2217D-0F2D-49D1-97BC-3654ED321F3B}") = "BestBurgersAtl", "src\BestBurgersAtl\BestBurgersAtl.xproj", "{5F785680-AAC0-4221-BEE5-8F72429E5D02}"
EndProject
Global
	GlobalSection(SolutionConfigurationPlatforms) = preSolution
		Debug|Any CPU = Debug|Any CPU
		Release|Any CPU = Release|Any CPU
	EndGlobalSection
	GlobalSection(ProjectConfigurationPlatforms) = postSolution
		{5F785680-AAC0-4221-BEE5-8F72429E5D02}.Debug|Any CPU.ActiveCfg = Debug|Any CPU
		{5F785680-AAC0-4221-BEE5-8F72429E5D02}.Debug|Any CPU.Build.0 = Debug|Any CPU
		{5F785680-AAC0-4221-BEE5-8F72429E5D02}.Release|Any CPU.ActiveCfg = Release|Any CPU
		{5F785680-AAC0-4221-BEE5-8F72429E5D02}.Release|Any CPU.Build.0 = Release|Any CPU
	EndGlobalSection
	GlobalSection(SolutionProperties) = preSolution
		HideSolutionNode = FALSE
	EndGlobalSection
	GlobalSection(NestedProjects) = preSolution
		{5F785680-AAC0-4221-BEE5-8F72429E5D02} = {09BBE4F0-DB2D-40FB-9A78-9C3C4D3E8E55}
	EndGlobalSection
EndGlobal
